// !$*UTF8*$!
{
	archiveVersion = 1;
	classes = {
	};
	objectVersion = 46;
	objects = {

/* Begin PBXBuildFile section */
		1BAABAF91E6AEC45001F895E /* AppDelegate.swift in Sources */ = {isa = PBXBuildFile; fileRef = 1BAABAF81E6AEC45001F895E /* AppDelegate.swift */; };
		1BAABB001E6AEC45001F895E /* Assets.xcassets in Resources */ = {isa = PBXBuildFile; fileRef = 1BAABAFF1E6AEC45001F895E /* Assets.xcassets */; };
		1BAABB031E6AEC45001F895E /* LaunchScreen.storyboard in Resources */ = {isa = PBXBuildFile; fileRef = 1BAABB011E6AEC45001F895E /* LaunchScreen.storyboard */; };
		1BAABB0D1E6AEC59001F895E /* Main.storyboard in Resources */ = {isa = PBXBuildFile; fileRef = 1BAABB0A1E6AEC59001F895E /* Main.storyboard */; };
		1BAABB0E1E6AEC59001F895E /* WebboardViewController.swift in Sources */ = {isa = PBXBuildFile; fileRef = 1BAABB0B1E6AEC59001F895E /* WebboardViewController.swift */; };
		1BAABB0F1E6AEC59001F895E /* AddTopicTableViewController.swift in Sources */ = {isa = PBXBuildFile; fileRef = 1BAABB0C1E6AEC59001F895E /* AddTopicTableViewController.swift */; };
		1BAABB121E6AEC7C001F895E /* Topic.swift in Sources */ = {isa = PBXBuildFile; fileRef = 1BAABB101E6AEC7C001F895E /* Topic.swift */; };
		1BAABB131E6AEC7C001F895E /* Reply.swift in Sources */ = {isa = PBXBuildFile; fileRef = 1BAABB111E6AEC7C001F895E /* Reply.swift */; };
		1BAABB181E6AEECD001F895E /* TopicTableViewCell.swift in Sources */ = {isa = PBXBuildFile; fileRef = 1BAABB171E6AEECD001F895E /* TopicTableViewCell.swift */; };
		1BAABB1B1E6AEEEB001F895E /* SampleData.swift in Sources */ = {isa = PBXBuildFile; fileRef = 1BAABB1A1E6AEEEB001F895E /* SampleData.swift */; };
		1BAABB1F1E6AF1A6001F895E /* UIView+Extension.swift in Sources */ = {isa = PBXBuildFile; fileRef = 1BAABB1E1E6AF1A6001F895E /* UIView+Extension.swift */; };
/* End PBXBuildFile section */

/* Begin PBXFileReference section */
		1BAABAF51E6AEC45001F895E /* IOS10UITextFieldInsideUITableViewCell.app */ = {isa = PBXFileReference; explicitFileType = wrapper.application; includeInIndex = 0; path = IOS10UITextFieldInsideUITableViewCell.app; sourceTree = BUILT_PRODUCTS_DIR; };
		1BAABAF81E6AEC45001F895E /* AppDelegate.swift */ = {isa = PBXFileReference; lastKnownFileType = sourcecode.swift; path = AppDelegate.swift; sourceTree = "<group>"; };
		1BAABAFF1E6AEC45001F895E /* Assets.xcassets */ = {isa = PBXFileReference; lastKnownFileType = folder.assetcatalog; path = Assets.xcassets; sourceTree = "<group>"; };
		1BAABB021E6AEC45001F895E /* Base */ = {isa = PBXFileReference; lastKnownFileType = file.storyboard; name = Base; path = Base.lproj/LaunchScreen.storyboard; sourceTree = "<group>"; };
		1BAABB041E6AEC45001F895E /* Info.plist */ = {isa = PBXFileReference; lastKnownFileType = text.plist.xml; path = Info.plist; sourceTree = "<group>"; };
		1BAABB0A1E6AEC59001F895E /* Main.storyboard */ = {isa = PBXFileReference; fileEncoding = 4; lastKnownFileType = file.storyboard; path = Main.storyboard; sourceTree = "<group>"; };
		1BAABB0B1E6AEC59001F895E /* WebboardViewController.swift */ = {isa = PBXFileReference; fileEncoding = 4; lastKnownFileType = sourcecode.swift; path = WebboardViewController.swift; sourceTree = "<group>"; };
		1BAABB0C1E6AEC59001F895E /* AddTopicTableViewController.swift */ = {isa = PBXFileReference; fileEncoding = 4; lastKnownFileType = sourcecode.swift; path = AddTopicTableViewController.swift; sourceTree = "<group>"; };
		1BAABB101E6AEC7C001F895E /* Topic.swift */ = {isa = PBXFileReference; fileEncoding = 4; lastKnownFileType = sourcecode.swift; path = Topic.swift; sourceTree = "<group>"; };
		1BAABB111E6AEC7C001F895E /* Reply.swift */ = {isa = PBXFileReference; fileEncoding = 4; lastKnownFileType = sourcecode.swift; path = Reply.swift; sourceTree = "<group>"; };
		1BAABB171E6AEECD001F895E /* TopicTableViewCell.swift */ = {isa = PBXFileReference; fileEncoding = 4; lastKnownFileType = sourcecode.swift; path = TopicTableViewCell.swift; sourceTree = "<group>"; };
		1BAABB1A1E6AEEEB001F895E /* SampleData.swift */ = {isa = PBXFileReference; fileEncoding = 4; lastKnownFileType = sourcecode.swift; path = SampleData.swift; sourceTree = "<group>"; };
		1BAABB1E1E6AF1A6001F895E /* UIView+Extension.swift */ = {isa = PBXFileReference; fileEncoding = 4; lastKnownFileType = sourcecode.swift; path = "UIView+Extension.swift"; sourceTree = "<group>"; };
/* End PBXFileReference section */

/* Begin PBXFrameworksBuildPhase section */
		1BAABAF21E6AEC45001F895E /* Frameworks */ = {
			isa = PBXFrameworksBuildPhase;
			buildActionMask = 2147483647;
			files = (
			);
			runOnlyForDeploymentPostprocessing = 0;
		};
/* End PBXFrameworksBuildPhase section */

/* Begin PBXGroup section */
		1BAABAEC1E6AEC45001F895E = {
			isa = PBXGroup;
			children = (
				1BAABAF71E6AEC45001F895E /* IOS10UITextFieldInsideUITableViewCell */,
				1BAABAF61E6AEC45001F895E /* Products */,
			);
			sourceTree = "<group>";
		};
		1BAABAF61E6AEC45001F895E /* Products */ = {
			isa = PBXGroup;
			children = (
				1BAABAF51E6AEC45001F895E /* IOS10UITextFieldInsideUITableViewCell.app */,
			);
			name = Products;
			sourceTree = "<group>";
		};
		1BAABAF71E6AEC45001F895E /* IOS10UITextFieldInsideUITableViewCell */ = {
			isa = PBXGroup;
			children = (
				1BAABB1D1E6AEF37001F895E /* Extension */,
				1BAABB1C1E6AEEF2001F895E /* ViewController */,
				1BAABB191E6AEED2001F895E /* TableViewCell */,
				1BAABB141E6AEC80001F895E /* Model */,
				1BAABAF81E6AEC45001F895E /* AppDelegate.swift */,
				1BAABB0A1E6AEC59001F895E /* Main.storyboard */,
				1BAABB1A1E6AEEEB001F895E /* SampleData.swift */,
				1BAABAFF1E6AEC45001F895E /* Assets.xcassets */,
				1BAABB011E6AEC45001F895E /* LaunchScreen.storyboard */,
				1BAABB041E6AEC45001F895E /* Info.plist */,
			);
			path = IOS10UITextFieldInsideUITableViewCell;
			sourceTree = "<group>";
		};
		1BAABB141E6AEC80001F895E /* Model */ = {
			isa = PBXGroup;
			children = (
				1BAABB101E6AEC7C001F895E /* Topic.swift */,
				1BAABB111E6AEC7C001F895E /* Reply.swift */,
			);
			name = Model;
			sourceTree = "<group>";
		};
		1BAABB191E6AEED2001F895E /* TableViewCell */ = {
			isa = PBXGroup;
			children = (
				1BAABB171E6AEECD001F895E /* TopicTableViewCell.swift */,
			);
			name = TableViewCell;
			sourceTree = "<group>";
		};
		1BAABB1C1E6AEEF2001F895E /* ViewController */ = {
			isa = PBXGroup;
			children = (
				1BAABB0B1E6AEC59001F895E /* WebboardViewController.swift */,
				1BAABB0C1E6AEC59001F895E /* AddTopicTableViewController.swift */,
			);
			name = ViewController;
			sourceTree = "<group>";
		};
		1BAABB1D1E6AEF37001F895E /* Extension */ = {
			isa = PBXGroup;
			children = (
				1BAABB1E1E6AF1A6001F895E /* UIView+Extension.swift */,
			);
			name = Extension;
			sourceTree = "<group>";
		};
/* End PBXGroup section */

/* Begin PBXNativeTarget section */
		1BAABAF41E6AEC45001F895E /* IOS10UITextFieldInsideUITableViewCell */ = {
			isa = PBXNativeTarget;
			buildConfigurationList = 1BAABB071E6AEC45001F895E /* Build configuration list for PBXNativeTarget "IOS10UITextFieldInsideUITableViewCell" */;
			buildPhases = (
				1BAABAF11E6AEC45001F895E /* Sources */,
				1BAABAF21E6AEC45001F895E /* Frameworks */,
				1BAABAF31E6AEC45001F895E /* Resources */,
			);
			buildRules = (
			);
			dependencies = (
			);
			name = IOS10UITextFieldInsideUITableViewCell;
			productName = IOS10UITextFieldInsideUITableViewCell;
			productReference = 1BAABAF51E6AEC45001F895E /* IOS10UITextFieldInsideUITableViewCell.app */;
			productType = "com.apple.product-type.application";
		};
/* End PBXNativeTarget section */

/* Begin PBXProject section */
		1BAABAED1E6AEC45001F895E /* Project object */ = {
			isa = PBXProject;
			attributes = {
				LastSwiftUpdateCheck = 0820;
				LastUpgradeCheck = 0820;
				ORGANIZATIONNAME = "Arthit Thongpan";
				TargetAttributes = {
					1BAABAF41E6AEC45001F895E = {
						CreatedOnToolsVersion = 8.2.1;
						DevelopmentTeam = GR7H762DHA;
						ProvisioningStyle = Automatic;
					};
				};
			};
			buildConfigurationList = 1BAABAF01E6AEC45001F895E /* Build configuration list for PBXProject "IOS10UITextFieldInsideUITableViewCell" */;
			compatibilityVersion = "Xcode 3.2";
			developmentRegion = English;
			hasScannedForEncodings = 0;
			knownRegions = (
				en,
				Base,
			);
			mainGroup = 1BAABAEC1E6AEC45001F895E;
			productRefGroup = 1BAABAF61E6AEC45001F895E /* Products */;
			projectDirPath = "";
			projectRoot = "";
			targets = (
				1BAABAF41E6AEC45001F895E /* IOS10UITextFieldInsideUITableViewCell */,
			);
		};
/* End PBXProject section */

/* Begin PBXResourcesBuildPhase section */
		1BAABAF31E6AEC45001F895E /* Resources */ = {
			isa = PBXResourcesBuildPhase;
			buildActionMask = 2147483647;
			files = (
				1BAABB0D1E6AEC59001F895E /* Main.storyboard in Resources */,
				1BAABB031E6AEC45001F895E /* LaunchScreen.storyboard in Resources */,
				1BAABB001E6AEC45001F895E /* Assets.xcassets in Resources */,
			);
			runOnlyForDeploymentPostprocessing = 0;
		};
/* End PBXResourcesBuildPhase section */

/* Begin PBXSourcesBuildPhase section */
		1BAABAF11E6AEC45001F895E /* Sources */ = {
			isa = PBXSourcesBuildPhase;
			buildActionMask = 2147483647;
			files = (
				1BAABB0F1E6AEC59001F895E /* AddTopicTableViewController.swift in Sources */,
				1BAABB1B1E6AEEEB001F895E /* SampleData.swift in Sources */,
				1BAABB1F1E6AF1A6001F895E /* UIView+Extension.swift in Sources */,
				1BAABB181E6AEECD001F895E /* TopicTableViewCell.swift in Sources */,
				1BAABB131E6AEC7C001F895E /* Reply.swift in Sources */,
				1BAABB121E6AEC7C001F895E /* Topic.swift in Sources */,
				1BAABB0E1E6AEC59001F895E /* WebboardViewController.swift in Sources */,
				1BAABAF91E6AEC45001F895E /* AppDelegate.swift in Sources */,
			);
			runOnlyForDeploymentPostprocessing = 0;
		};
/* End PBXSourcesBuildPhase section */

/* Begin PBXVariantGroup section */
		1BAABB011E6AEC45001F895E /* LaunchScreen.storyboard */ = {
			isa = PBXVariantGroup;
			children = (
				1BAABB021E6AEC45001F895E /* Base */,
			);
			name = LaunchScreen.storyboard;
			sourceTree = "<group>";
		};
/* End PBXVariantGroup section */

/* Begin XCBuildConfiguration section */
		1BAABB051E6AEC45001F895E /* Debug */ = {
			isa = XCBuildConfiguration;
			buildSettings = {
				ALWAYS_SEARCH_USER_PATHS = NO;
				CLANG_ANALYZER_NONNULL = YES;
				CLANG_CXX_LANGUAGE_STANDARD = "gnu++0x";
				CLANG_CXX_LIBRARY = "libc++";
				CLANG_ENABLE_MODULES = YES;
				CLANG_ENABLE_OBJC_ARC = YES;
				CLANG_WARN_BOOL_CONVERSION = YES;
				CLANG_WARN_CONSTANT_CONVERSION = YES;
				CLANG_WARN_DIRECT_OBJC_ISA_USAGE = YES_ERROR;
				CLANG_WARN_DOCUMENTATION_COMMENTS = YES;
				CLANG_WARN_EMPTY_BODY = YES;
				CLANG_WARN_ENUM_CONVERSION = YES;
				CLANG_WARN_INFINITE_RECURSION = YES;
				CLANG_WARN_INT_CONVERSION = YES;
				CLANG_WARN_OBJC_ROOT_CLASS = YES_ERROR;
				CLANG_WARN_SUSPICIOUS_MOVE = YES;
				CLANG_WARN_UNREACHABLE_CODE = YES;
				CLANG_WARN__DUPLICATE_METHOD_MATCH = YES;
				"CODE_SIGN_IDENTITY[sdk=iphoneos*]" = "iPhone Developer";
				COPY_PHASE_STRIP = NO;
				DEBUG_INFORMATION_FORMAT = dwarf;
				ENABLE_STRICT_OBJC_MSGSEND = YES;
				ENABLE_TESTABILITY = YES;
				GCC_C_LANGUAGE_STANDARD = gnu99;
				GCC_DYNAMIC_NO_PIC = NO;
				GCC_NO_COMMON_BLOCKS = YES;
				GCC_OPTIMIZATION_LEVEL = 0;
				GCC_PREPROCESSOR_DEFINITIONS = (
					"DEBUG=1",
					"$(inherited)",
				);
				GCC_WARN_64_TO_32_BIT_CONVERSION = YES;
				GCC_WARN_ABOUT_RETURN_TYPE = YES_ERROR;
				GCC_WARN_UNDECLARED_SELECTOR = YES;
				GCC_WARN_UNINITIALIZED_AUTOS = YES_AGGRESSIVE;
				GCC_WARN_UNUSED_FUNCTION = YES;
				GCC_WARN_UNUSED_VARIABLE = YES;
				IPHONEOS_DEPLOYMENT_TARGET = 10.2;
				MTL_ENABLE_DEBUG_INFO = YES;
				ONLY_ACTIVE_ARCH = YES;
				SDKROOT = iphoneos;
				SWIFT_ACTIVE_COMPILATION_CONDITIONS = DEBUG;
				SWIFT_OPTIMIZATION_LEVEL = "-Onone";
				TARGETED_DEVICE_FAMILY = "1,2";
			};
			name = Debug;
		};
		1BAABB061E6AEC45001F895E /* Release */ = {
			isa = XCBuildConfiguration;
			buildSettings = {
				ALWAYS_SEARCH_USER_PATHS = NO;
				CLANG_ANALYZER_NONNULL = YES;
				CLANG_CXX_LANGUAGE_STANDARD = "gnu++0x";
				CLANG_CXX_LIBRARY = "libc++";
				CLANG_ENABLE_MODULES = YES;
				CLANG_ENABLE_OBJC_ARC = YES;
				CLANG_WARN_BOOL_CONVERSION = YES;
				CLANG_WARN_CONSTANT_CONVERSION = YES;
				CLANG_WARN_DIRECT_OBJC_ISA_USAGE = YES_ERROR;
				CLANG_WARN_DOCUMENTATION_COMMENTS = YES;
				CLANG_WARN_EMPTY_BODY = YES;
				CLANG_WARN_ENUM_CONVERSION = YES;
				CLANG_WARN_INFINITE_RECURSION = YES;
				CLANG_WARN_INT_CONVERSION = YES;
				CLANG_WARN_OBJC_ROOT_CLASS = YES_ERROR;
				CLANG_WARN_SUSPICIOUS_MOVE = YES;
				CLANG_WARN_UNREACHABLE_CODE = YES;
				CLANG_WARN__DUPLICATE_METHOD_MATCH = YES;
				"CODE_SIGN_IDENTITY[sdk=iphoneos*]" = "iPhone Developer";
				COPY_PHASE_STRIP = NO;
				DEBUG_INFORMATION_FORMAT = "dwarf-with-dsym";
				ENABLE_NS_ASSERTIONS = NO;
				ENABLE_STRICT_OBJC_MSGSEND = YES;
				GCC_C_LANGUAGE_STANDARD = gnu99;
				GCC_NO_COMMON_BLOCKS = YES;
				GCC_WARN_64_TO_32_BIT_CONVERSION = YES;
				GCC_WARN_ABOUT_RETURN_TYPE = YES_ERROR;
				GCC_WARN_UNDECLARED_SELECTOR = YES;
				GCC_WARN_UNINITIALIZED_AUTOS = YES_AGGRESSIVE;
				GCC_WARN_UNUSED_FUNCTION = YES;
				GCC_WARN_UNUSED_VARIABLE = YES;
				IPHONEOS_DEPLOYMENT_TARGET = 10.2;
				MTL_ENABLE_DEBUG_INFO = NO;
				SDKROOT = iphoneos;
				SWIFT_OPTIMIZATION_LEVEL = "-Owholemodule";
				TARGETED_DEVICE_FAMILY = "1,2";
				VALIDATE_PRODUCT = YES;
			};
			name = Release;
		};
		1BAABB081E6AEC45001F895E /* Debug */ = {
			isa = XCBuildConfiguration;
			buildSettings = {
				ASSETCATALOG_COMPILER_APPICON_NAME = AppIcon;
				DEVELOPMENT_TEAM = GR7H762DHA;
				INFOPLIST_FILE = IOS10UITextFieldInsideUITableViewCell/Info.plist;
				LD_RUNPATH_SEARCH_PATHS = "$(inherited) @executable_path/Frameworks";
				PRODUCT_BUNDLE_IDENTIFIER = com.arthit.IOS10UITextFieldInsideUITableViewCell;
				PRODUCT_NAME = "$(TARGET_NAME)";
				SWIFT_VERSION = 3.0;
			};
			name = Debug;
		};
		1BAABB091E6AEC45001F895E /* Release */ = {
			isa = XCBuildConfiguration;
			buildSettings = {
				ASSETCATALOG_COMPILER_APPICON_NAME = AppIcon;
				DEVELOPMENT_TEAM = GR7H762DHA;
				INFOPLIST_FILE = IOS10UITextFieldInsideUITableViewCell/Info.plist;
				LD_RUNPATH_SEARCH_PATHS = "$(inherited) @executable_path/Frameworks";
				PRODUCT_BUNDLE_IDENTIFIER = com.arthit.IOS10UITextFieldInsideUITableViewCell;
				PRODUCT_NAME = "$(TARGET_NAME)";
				SWIFT_VERSION = 3.0;
			};
			name = Release;
		};
/* End XCBuildConfiguration section */

/* Begin XCConfigurationList section */
		1BAABAF01E6AEC45001F895E /* Build configuration list for PBXProject "IOS10UITextFieldInsideUITableViewCell" */ = {
			isa = XCConfigurationList;
			buildConfigurations = (
				1BAABB051E6AEC45001F895E /* Debug */,
				1BAABB061E6AEC45001F895E /* Release */,
			);
			defaultConfigurationIsVisible = 0;
			defaultConfigurationName = Release;
		};
		1BAABB071E6AEC45001F895E /* Build configuration list for PBXNativeTarget "IOS10UITextFieldInsideUITableViewCell" */ = {
			isa = XCConfigurationList;
			buildConfigurations = (
				1BAABB081E6AEC45001F895E /* Debug */,
				1BAABB091E6AEC45001F895E /* Release */,
			);
			defaultConfigurationIsVisible = 0;
		};
/* End XCConfigurationList section */
	};
	rootObject = 1BAABAED1E6AEC45001F895E /* Project object */;
}
